
Microsoft Visual Studio Solution File, Format Version 12.00
Project("{FAE04EC0-301F-11D3-BF4B-00C04F79EFBC}") = "RoomBookingApp.Core.Tests", "RoomBookingApp.Core.Tests\RoomBookingApp.Core.Tests.csproj", "{F099CEC0-9DC6-4C2B-AB4B-F139DF5E33CF}"
EndProject
Project("{FAE04EC0-301F-11D3-BF4B-00C04F79EFBC}") = "RoomBookingApp.Core", "RoomBookingApp.Core\RoomBookingApp.Core.csproj", "{2521CA0B-FD2E-432E-94A8-FD6EB45FE6A8}"
EndProject
Global
	GlobalSection(SolutionConfigurationPlatforms) = preSolution
		Debug|Any CPU = Debug|Any CPU
		Release|Any CPU = Release|Any CPU
	EndGlobalSection
	GlobalSection(ProjectConfigurationPlatforms) = postSolution
		{F099CEC0-9DC6-4C2B-AB4B-F139DF5E33CF}.Debug|Any CPU.ActiveCfg = Debug|Any CPU
		{F099CEC0-9DC6-4C2B-AB4B-F139DF5E33CF}.Debug|Any CPU.Build.0 = Debug|Any CPU
		{F099CEC0-9DC6-4C2B-AB4B-F139DF5E33CF}.Release|Any CPU.ActiveCfg = Release|Any CPU
		{F099CEC0-9DC6-4C2B-AB4B-F139DF5E33CF}.Release|Any CPU.Build.0 = Release|Any CPU
		{2521CA0B-FD2E-432E-94A8-FD6EB45FE6A8}.Debug|Any CPU.ActiveCfg = Debug|Any CPU
		{2521CA0B-FD2E-432E-94A8-FD6EB45FE6A8}.Debug|Any CPU.Build.0 = Debug|Any CPU
		{2521CA0B-FD2E-432E-94A8-FD6EB45FE6A8}.Release|Any CPU.ActiveCfg = Release|Any CPU
		{2521CA0B-FD2E-432E-94A8-FD6EB45FE6A8}.Release|Any CPU.Build.0 = Release|Any CPU
	EndGlobalSection
EndGlobal
